
Microsoft Visual Studio Solution File, Format Version 12.00
# Visual Studio Version 17
VisualStudioVersion = 17.5.33627.172
MinimumVisualStudioVersion = 10.0.40219.1
Project("{F184B08F-C81C-45F6-A57F-5ABD9991F28F}") = "ProyectoFinalAlgoritmosVB", "ProyectoFinalAlgoritmosVB\ProyectoFinalAlgoritmosVB.vbproj", "{5CCD9460-0C39-4905-8058-EDF6E5D671B3}"
EndProject
Global
	GlobalSection(SolutionConfigurationPlatforms) = preSolution
		Debug|Any CPU = Debug|Any CPU
		Release|Any CPU = Release|Any CPU
	EndGlobalSection
	GlobalSection(ProjectConfigurationPlatforms) = postSolution
		{5CCD9460-0C39-4905-8058-EDF6E5D671B3}.Debug|Any CPU.ActiveCfg = Debug|Any CPU
		{5CCD9460-0C39-4905-8058-EDF6E5D671B3}.Debug|Any CPU.Build.0 = Debug|Any CPU
		{5CCD9460-0C39-4905-8058-EDF6E5D671B3}.Release|Any CPU.ActiveCfg = Release|Any CPU
		{5CCD9460-0C39-4905-8058-EDF6E5D671B3}.Release|Any CPU.Build.0 = Release|Any CPU
	EndGlobalSection
	GlobalSection(SolutionProperties) = preSolution
		HideSolutionNode = FALSE
	EndGlobalSection
	GlobalSection(ExtensibilityGlobals) = postSolution
		SolutionGuid = {4DDD912E-D835-488C-98D2-EB3954552957}
	EndGlobalSection
EndGlobal
